// !$*UTF8*$!
{
	archiveVersion = 1;
	classes = {
	};
	objectVersion = 48;
	objects = {

/* Begin PBXBuildFile section */
		7DF98D55173D0F4959F7A5BC /* libPods-cipher-sender.a in Frameworks */ = {isa = PBXBuildFile; fileRef = 8225595F8C530E2696D50FAD /* libPods-cipher-sender.a */; };
		C2091D2A1F8530C500ADC34B /* CusomTextView.m in Sources */ = {isa = PBXBuildFile; fileRef = C2091D271F8530C500ADC34B /* CusomTextView.m */; };
		C2091D2B1F8530C500ADC34B /* CustomButton.m in Sources */ = {isa = PBXBuildFile; fileRef = C2091D281F8530C500ADC34B /* CustomButton.m */; };
		C2731DFE1F85253200546FF8 /* AppDelegate.m in Sources */ = {isa = PBXBuildFile; fileRef = C2731DFD1F85253200546FF8 /* AppDelegate.m */; };
		C2731E011F85253200546FF8 /* MainViewController.m in Sources */ = {isa = PBXBuildFile; fileRef = C2731E001F85253200546FF8 /* MainViewController.m */; };
		C2731E041F85253200546FF8 /* Main.storyboard in Resources */ = {isa = PBXBuildFile; fileRef = C2731E021F85253200546FF8 /* Main.storyboard */; };
		C2731E061F85253200546FF8 /* Assets.xcassets in Resources */ = {isa = PBXBuildFile; fileRef = C2731E051F85253200546FF8 /* Assets.xcassets */; };
		C2731E091F85253200546FF8 /* LaunchScreen.storyboard in Resources */ = {isa = PBXBuildFile; fileRef = C2731E071F85253200546FF8 /* LaunchScreen.storyboard */; };
		C2731E0C1F85253200546FF8 /* main.m in Sources */ = {isa = PBXBuildFile; fileRef = C2731E0B1F85253200546FF8 /* main.m */; };
		C28EC7F01F864DDA00FA6B00 /* KeylessCipher.m in Sources */ = {isa = PBXBuildFile; fileRef = C28EC7E91F864DDA00FA6B00 /* KeylessCipher.m */; };
		C28EC7F11F864DDA00FA6B00 /* AbstractCipher.m in Sources */ = {isa = PBXBuildFile; fileRef = C28EC7EC1F864DDA00FA6B00 /* AbstractCipher.m */; };
		C28EC7F21F864DDA00FA6B00 /* KeyedCipher.m in Sources */ = {isa = PBXBuildFile; fileRef = C28EC7EE1F864DDA00FA6B00 /* KeyedCipher.m */; };
		C28EC7F31F864DDA00FA6B00 /* Text.m in Sources */ = {isa = PBXBuildFile; fileRef = C28EC7EF1F864DDA00FA6B00 /* Text.m */; };
		C28EC7F61F864DE600FA6B00 /* Alphabet.m in Sources */ = {isa = PBXBuildFile; fileRef = C28EC7F51F864DE600FA6B00 /* Alphabet.m */; };
		C28EC80B1F864DF300FA6B00 /* RailFence.m in Sources */ = {isa = PBXBuildFile; fileRef = C28EC7F81F864DF100FA6B00 /* RailFence.m */; };
		C28EC80C1F864DF300FA6B00 /* KeyboardCode.m in Sources */ = {isa = PBXBuildFile; fileRef = C28EC7F91F864DF100FA6B00 /* KeyboardCode.m */; };
		C28EC80D1F864DF300FA6B00 /* Vigenere.m in Sources */ = {isa = PBXBuildFile; fileRef = C28EC7FB1F864DF100FA6B00 /* Vigenere.m */; };
		C28EC80E1F864DF300FA6B00 /* A1Z26.m in Sources */ = {isa = PBXBuildFile; fileRef = C28EC7FD1F864DF200FA6B00 /* A1Z26.m */; };
		C28EC80F1F864DF300FA6B00 /* Monoalphabetic.m in Sources */ = {isa = PBXBuildFile; fileRef = C28EC7FE1F864DF200FA6B00 /* Monoalphabetic.m */; };
		C28EC8101F864DF300FA6B00 /* Rot13.m in Sources */ = {isa = PBXBuildFile; fileRef = C28EC8001F864DF200FA6B00 /* Rot13.m */; };
		C28EC8111F864DF300FA6B00 /* MorseCode.m in Sources */ = {isa = PBXBuildFile; fileRef = C28EC8051F864DF200FA6B00 /* MorseCode.m */; };
		C28EC8121F864DF300FA6B00 /* CaesarCipher.m in Sources */ = {isa = PBXBuildFile; fileRef = C28EC8061F864DF200FA6B00 /* CaesarCipher.m */; };
		C28EC8131F864DF300FA6B00 /* CipherFactory.m in Sources */ = {isa = PBXBuildFile; fileRef = C28EC8071F864DF300FA6B00 /* CipherFactory.m */; };
		C28EC8141F864DF300FA6B00 /* Atbash.m in Sources */ = {isa = PBXBuildFile; fileRef = C28EC8091F864DF300FA6B00 /* Atbash.m */; };
		C28EC8171F8655EE00FA6B00 /* CipherPickerTVC.m in Sources */ = {isa = PBXBuildFile; fileRef = C28EC8161F8655EE00FA6B00 /* CipherPickerTVC.m */; };
		C2971F771F88F83F00C5B264 /* AboutCiphersTableViewController.m in Sources */ = {isa = PBXBuildFile; fileRef = C2971F741F88F83E00C5B264 /* AboutCiphersTableViewController.m */; };
		C2971F781F88F83F00C5B264 /* FlipsideViewController.m in Sources */ = {isa = PBXBuildFile; fileRef = C2971F761F88F83E00C5B264 /* FlipsideViewController.m */; };
		C2E47A9F1F911B2E0009BFCB /* cipher_sender_unit_tests.m in Sources */ = {isa = PBXBuildFile; fileRef = C2E47A9E1F911B2E0009BFCB /* cipher_sender_unit_tests.m */; };
/* End PBXBuildFile section */

/* Begin PBXContainerItemProxy section */
		C2E47AA11F911B2E0009BFCB /* PBXContainerItemProxy */ = {
			isa = PBXContainerItemProxy;
			containerPortal = C2731DF11F85253200546FF8 /* Project object */;
			proxyType = 1;
			remoteGlobalIDString = C2731DF81F85253200546FF8;
			remoteInfo = "cipher-sender";
		};
/* End PBXContainerItemProxy section */

/* Begin PBXFileReference section */
		8225595F8C530E2696D50FAD /* libPods-cipher-sender.a */ = {isa = PBXFileReference; explicitFileType = archive.ar; includeInIndex = 0; path = "libPods-cipher-sender.a"; sourceTree = BUILT_PRODUCTS_DIR; };
		965B784AB0EA94BF9C8D7AFD /* Pods-cipher-sender.release.xcconfig */ = {isa = PBXFileReference; includeInIndex = 1; lastKnownFileType = text.xcconfig; name = "Pods-cipher-sender.release.xcconfig"; path = "Pods/Target Support Files/Pods-cipher-sender/Pods-cipher-sender.release.xcconfig"; sourceTree = "<group>"; };
		C2091D241F8530C500ADC34B /* CustomButton.h */ = {isa = PBXFileReference; fileEncoding = 4; lastKnownFileType = sourcecode.c.h; path = CustomButton.h; sourceTree = "<group>"; };
		C2091D251F8530C500ADC34B /* CusomTextView.h */ = {isa = PBXFileReference; fileEncoding = 4; lastKnownFileType = sourcecode.c.h; path = CusomTextView.h; sourceTree = "<group>"; };
		C2091D271F8530C500ADC34B /* CusomTextView.m */ = {isa = PBXFileReference; fileEncoding = 4; lastKnownFileType = sourcecode.c.objc; path = CusomTextView.m; sourceTree = "<group>"; };
		C2091D281F8530C500ADC34B /* CustomButton.m */ = {isa = PBXFileReference; fileEncoding = 4; lastKnownFileType = sourcecode.c.objc; path = CustomButton.m; sourceTree = "<group>"; };
		C2731DF91F85253200546FF8 /* cipher-sender.app */ = {isa = PBXFileReference; explicitFileType = wrapper.application; includeInIndex = 0; path = "cipher-sender.app"; sourceTree = BUILT_PRODUCTS_DIR; };
		C2731DFC1F85253200546FF8 /* AppDelegate.h */ = {isa = PBXFileReference; lastKnownFileType = sourcecode.c.h; path = AppDelegate.h; sourceTree = "<group>"; };
		C2731DFD1F85253200546FF8 /* AppDelegate.m */ = {isa = PBXFileReference; lastKnownFileType = sourcecode.c.objc; path = AppDelegate.m; sourceTree = "<group>"; };
		C2731DFF1F85253200546FF8 /* MainViewController.h */ = {isa = PBXFileReference; lastKnownFileType = sourcecode.c.h; path = MainViewController.h; sourceTree = "<group>"; };
		C2731E001F85253200546FF8 /* MainViewController.m */ = {isa = PBXFileReference; lastKnownFileType = sourcecode.c.objc; path = MainViewController.m; sourceTree = "<group>"; };
		C2731E031F85253200546FF8 /* Base */ = {isa = PBXFileReference; lastKnownFileType = file.storyboard; name = Base; path = Base.lproj/Main.storyboard; sourceTree = "<group>"; };
		C2731E051F85253200546FF8 /* Assets.xcassets */ = {isa = PBXFileReference; lastKnownFileType = folder.assetcatalog; path = Assets.xcassets; sourceTree = "<group>"; };
		C2731E081F85253200546FF8 /* Base */ = {isa = PBXFileReference; lastKnownFileType = file.storyboard; name = Base; path = Base.lproj/LaunchScreen.storyboard; sourceTree = "<group>"; };
		C2731E0A1F85253200546FF8 /* Info.plist */ = {isa = PBXFileReference; lastKnownFileType = text.plist.xml; path = Info.plist; sourceTree = "<group>"; };
		C2731E0B1F85253200546FF8 /* main.m */ = {isa = PBXFileReference; lastKnownFileType = sourcecode.c.objc; path = main.m; sourceTree = "<group>"; };
		C28EC7E81F864DDA00FA6B00 /* Text.h */ = {isa = PBXFileReference; fileEncoding = 4; lastKnownFileType = sourcecode.c.h; path = Text.h; sourceTree = "<group>"; };
		C28EC7E91F864DDA00FA6B00 /* KeylessCipher.m */ = {isa = PBXFileReference; fileEncoding = 4; lastKnownFileType = sourcecode.c.objc; path = KeylessCipher.m; sourceTree = "<group>"; };
		C28EC7EA1F864DDA00FA6B00 /* KeyedCipher.h */ = {isa = PBXFileReference; fileEncoding = 4; lastKnownFileType = sourcecode.c.h; path = KeyedCipher.h; sourceTree = "<group>"; };
		C28EC7EB1F864DDA00FA6B00 /* AbstractCipher.h */ = {isa = PBXFileReference; fileEncoding = 4; lastKnownFileType = sourcecode.c.h; path = AbstractCipher.h; sourceTree = "<group>"; };
		C28EC7EC1F864DDA00FA6B00 /* AbstractCipher.m */ = {isa = PBXFileReference; fileEncoding = 4; lastKnownFileType = sourcecode.c.objc; path = AbstractCipher.m; sourceTree = "<group>"; };
		C28EC7ED1F864DDA00FA6B00 /* KeylessCipher.h */ = {isa = PBXFileReference; fileEncoding = 4; lastKnownFileType = sourcecode.c.h; path = KeylessCipher.h; sourceTree = "<group>"; };
		C28EC7EE1F864DDA00FA6B00 /* KeyedCipher.m */ = {isa = PBXFileReference; fileEncoding = 4; lastKnownFileType = sourcecode.c.objc; path = KeyedCipher.m; sourceTree = "<group>"; };
		C28EC7EF1F864DDA00FA6B00 /* Text.m */ = {isa = PBXFileReference; fileEncoding = 4; lastKnownFileType = sourcecode.c.objc; path = Text.m; sourceTree = "<group>"; };
		C28EC7F41F864DE600FA6B00 /* Alphabet.h */ = {isa = PBXFileReference; fileEncoding = 4; lastKnownFileType = sourcecode.c.h; path = Alphabet.h; sourceTree = "<group>"; };
		C28EC7F51F864DE600FA6B00 /* Alphabet.m */ = {isa = PBXFileReference; fileEncoding = 4; lastKnownFileType = sourcecode.c.objc; path = Alphabet.m; sourceTree = "<group>"; };
		C28EC7F71F864DF100FA6B00 /* Atbash.h */ = {isa = PBXFileReference; fileEncoding = 4; lastKnownFileType = sourcecode.c.h; path = Atbash.h; sourceTree = "<group>"; };
		C28EC7F81F864DF100FA6B00 /* RailFence.m */ = {isa = PBXFileReference; fileEncoding = 4; lastKnownFileType = sourcecode.c.objc; path = RailFence.m; sourceTree = "<group>"; };
		C28EC7F91F864DF100FA6B00 /* KeyboardCode.m */ = {isa = PBXFileReference; fileEncoding = 4; lastKnownFileType = sourcecode.c.objc; path = KeyboardCode.m; sourceTree = "<group>"; };
		C28EC7FA1F864DF100FA6B00 /* A1Z26.h */ = {isa = PBXFileReference; fileEncoding = 4; lastKnownFileType = sourcecode.c.h; path = A1Z26.h; sourceTree = "<group>"; };
		C28EC7FB1F864DF100FA6B00 /* Vigenere.m */ = {isa = PBXFileReference; fileEncoding = 4; lastKnownFileType = sourcecode.c.objc; path = Vigenere.m; sourceTree = "<group>"; };
		C28EC7FC1F864DF200FA6B00 /* RailFence.h */ = {isa = PBXFileReference; fileEncoding = 4; lastKnownFileType = sourcecode.c.h; path = RailFence.h; sourceTree = "<group>"; };
		C28EC7FD1F864DF200FA6B00 /* A1Z26.m */ = {isa = PBXFileReference; fileEncoding = 4; lastKnownFileType = sourcecode.c.objc; path = A1Z26.m; sourceTree = "<group>"; };
		C28EC7FE1F864DF200FA6B00 /* Monoalphabetic.m */ = {isa = PBXFileReference; fileEncoding = 4; lastKnownFileType = sourcecode.c.objc; path = Monoalphabetic.m; sourceTree = "<group>"; };
		C28EC7FF1F864DF200FA6B00 /* CipherFactory.h */ = {isa = PBXFileReference; fileEncoding = 4; lastKnownFileType = sourcecode.c.h; path = CipherFactory.h; sourceTree = "<group>"; };
		C28EC8001F864DF200FA6B00 /* Rot13.m */ = {isa = PBXFileReference; fileEncoding = 4; lastKnownFileType = sourcecode.c.objc; path = Rot13.m; sourceTree = "<group>"; };
		C28EC8011F864DF200FA6B00 /* KeyboardCode.h */ = {isa = PBXFileReference; fileEncoding = 4; lastKnownFileType = sourcecode.c.h; path = KeyboardCode.h; sourceTree = "<group>"; };
		C28EC8021F864DF200FA6B00 /* Vigenere.h */ = {isa = PBXFileReference; fileEncoding = 4; lastKnownFileType = sourcecode.c.h; path = Vigenere.h; sourceTree = "<group>"; };
		C28EC8031F864DF200FA6B00 /* CaesarCipher.h */ = {isa = PBXFileReference; fileEncoding = 4; lastKnownFileType = sourcecode.c.h; path = CaesarCipher.h; sourceTree = "<group>"; };
		C28EC8041F864DF200FA6B00 /* MorseCode.h */ = {isa = PBXFileReference; fileEncoding = 4; lastKnownFileType = sourcecode.c.h; path = MorseCode.h; sourceTree = "<group>"; };
		C28EC8051F864DF200FA6B00 /* MorseCode.m */ = {isa = PBXFileReference; fileEncoding = 4; lastKnownFileType = sourcecode.c.objc; path = MorseCode.m; sourceTree = "<group>"; };
		C28EC8061F864DF200FA6B00 /* CaesarCipher.m */ = {isa = PBXFileReference; fileEncoding = 4; lastKnownFileType = sourcecode.c.objc; path = CaesarCipher.m; sourceTree = "<group>"; };
		C28EC8071F864DF300FA6B00 /* CipherFactory.m */ = {isa = PBXFileReference; fileEncoding = 4; lastKnownFileType = sourcecode.c.objc; path = CipherFactory.m; sourceTree = "<group>"; };
		C28EC8081F864DF300FA6B00 /* Monoalphabetic.h */ = {isa = PBXFileReference; fileEncoding = 4; lastKnownFileType = sourcecode.c.h; path = Monoalphabetic.h; sourceTree = "<group>"; };
		C28EC8091F864DF300FA6B00 /* Atbash.m */ = {isa = PBXFileReference; fileEncoding = 4; lastKnownFileType = sourcecode.c.objc; path = Atbash.m; sourceTree = "<group>"; };
		C28EC80A1F864DF300FA6B00 /* Rot13.h */ = {isa = PBXFileReference; fileEncoding = 4; lastKnownFileType = sourcecode.c.h; path = Rot13.h; sourceTree = "<group>"; };
		C28EC8151F8655EE00FA6B00 /* CipherPickerTVC.h */ = {isa = PBXFileReference; fileEncoding = 4; lastKnownFileType = sourcecode.c.h; path = CipherPickerTVC.h; sourceTree = "<group>"; };
		C28EC8161F8655EE00FA6B00 /* CipherPickerTVC.m */ = {isa = PBXFileReference; fileEncoding = 4; lastKnownFileType = sourcecode.c.objc; path = CipherPickerTVC.m; sourceTree = "<group>"; };
		C2971F731F88F83E00C5B264 /* AboutCiphersTableViewController.h */ = {isa = PBXFileReference; fileEncoding = 4; lastKnownFileType = sourcecode.c.h; path = AboutCiphersTableViewController.h; sourceTree = "<group>"; };
		C2971F741F88F83E00C5B264 /* AboutCiphersTableViewController.m */ = {isa = PBXFileReference; fileEncoding = 4; lastKnownFileType = sourcecode.c.objc; path = AboutCiphersTableViewController.m; sourceTree = "<group>"; };
		C2971F751F88F83E00C5B264 /* FlipsideViewController.h */ = {isa = PBXFileReference; fileEncoding = 4; lastKnownFileType = sourcecode.c.h; path = FlipsideViewController.h; sourceTree = "<group>"; };
		C2971F761F88F83E00C5B264 /* FlipsideViewController.m */ = {isa = PBXFileReference; fileEncoding = 4; lastKnownFileType = sourcecode.c.objc; path = FlipsideViewController.m; sourceTree = "<group>"; };
		C2E47A9C1F911B2E0009BFCB /* cipher-sender-unit-tests.xctest */ = {isa = PBXFileReference; explicitFileType = wrapper.cfbundle; includeInIndex = 0; path = "cipher-sender-unit-tests.xctest"; sourceTree = BUILT_PRODUCTS_DIR; };
		C2E47A9E1F911B2E0009BFCB /* cipher_sender_unit_tests.m */ = {isa = PBXFileReference; lastKnownFileType = sourcecode.c.objc; path = cipher_sender_unit_tests.m; sourceTree = "<group>"; };
		C2E47AA01F911B2E0009BFCB /* Info.plist */ = {isa = PBXFileReference; lastKnownFileType = text.plist.xml; path = Info.plist; sourceTree = "<group>"; };
		E096421FC7DF5854FAB34268 /* Pods-cipher-sender.debug.xcconfig */ = {isa = PBXFileReference; includeInIndex = 1; lastKnownFileType = text.xcconfig; name = "Pods-cipher-sender.debug.xcconfig"; path = "Pods/Target Support Files/Pods-cipher-sender/Pods-cipher-sender.debug.xcconfig"; sourceTree = "<group>"; };
/* End PBXFileReference section */

/* Begin PBXFrameworksBuildPhase section */
		C2731DF61F85253200546FF8 /* Frameworks */ = {
			isa = PBXFrameworksBuildPhase;
			buildActionMask = 2147483647;
			files = (
				7DF98D55173D0F4959F7A5BC /* libPods-cipher-sender.a in Frameworks */,
			);
			runOnlyForDeploymentPostprocessing = 0;
		};
		C2E47A991F911B2E0009BFCB /* Frameworks */ = {
			isa = PBXFrameworksBuildPhase;
			buildActionMask = 2147483647;
			files = (
			);
			runOnlyForDeploymentPostprocessing = 0;
		};
/* End PBXFrameworksBuildPhase section */

/* Begin PBXGroup section */
		85FBC7C93436025343F5C851 /* Pods */ = {
			isa = PBXGroup;
			children = (
				E096421FC7DF5854FAB34268 /* Pods-cipher-sender.debug.xcconfig */,
				965B784AB0EA94BF9C8D7AFD /* Pods-cipher-sender.release.xcconfig */,
			);
			name = Pods;
			sourceTree = "<group>";
		};
		BB1DC26E3F9C3A0FE2883E67 /* Frameworks */ = {
			isa = PBXGroup;
			children = (
				8225595F8C530E2696D50FAD /* libPods-cipher-sender.a */,
			);
			name = Frameworks;
			sourceTree = "<group>";
		};
		C2091D221F85305C00ADC34B /* custom-ui-elements */ = {
			isa = PBXGroup;
			children = (
				C2091D251F8530C500ADC34B /* CusomTextView.h */,
				C2091D271F8530C500ADC34B /* CusomTextView.m */,
				C2091D241F8530C500ADC34B /* CustomButton.h */,
				C2091D281F8530C500ADC34B /* CustomButton.m */,
			);
			path = "custom-ui-elements";
			sourceTree = "<group>";
		};
		C2731DF01F85253200546FF8 = {
			isa = PBXGroup;
			children = (
				C2731DFB1F85253200546FF8 /* cipher-sender */,
				C2E47A9D1F911B2E0009BFCB /* cipher-sender-unit-tests */,
				C2731DFA1F85253200546FF8 /* Products */,
				85FBC7C93436025343F5C851 /* Pods */,
				BB1DC26E3F9C3A0FE2883E67 /* Frameworks */,
			);
			sourceTree = "<group>";
		};
		C2731DFA1F85253200546FF8 /* Products */ = {
			isa = PBXGroup;
			children = (
				C2731DF91F85253200546FF8 /* cipher-sender.app */,
				C2E47A9C1F911B2E0009BFCB /* cipher-sender-unit-tests.xctest */,
			);
			name = Products;
			sourceTree = "<group>";
		};
		C2731DFB1F85253200546FF8 /* cipher-sender */ = {
			isa = PBXGroup;
			children = (
				C2971F731F88F83E00C5B264 /* AboutCiphersTableViewController.h */,
				C2971F741F88F83E00C5B264 /* AboutCiphersTableViewController.m */,
				C2731DFC1F85253200546FF8 /* AppDelegate.h */,
				C2731DFD1F85253200546FF8 /* AppDelegate.m */,
				C28EC8151F8655EE00FA6B00 /* CipherPickerTVC.h */,
				C28EC8161F8655EE00FA6B00 /* CipherPickerTVC.m */,
				C2971F751F88F83E00C5B264 /* FlipsideViewController.h */,
				C2971F761F88F83E00C5B264 /* FlipsideViewController.m */,
				C2731DFF1F85253200546FF8 /* MainViewController.h */,
				C2731E001F85253200546FF8 /* MainViewController.m */,
				C2731E021F85253200546FF8 /* Main.storyboard */,
				C2731E071F85253200546FF8 /* LaunchScreen.storyboard */,
				C28EC7E51F864CF200FA6B00 /* model */,
				C2091D221F85305C00ADC34B /* custom-ui-elements */,
				C2731E051F85253200546FF8 /* Assets.xcassets */,
				C2731E0A1F85253200546FF8 /* Info.plist */,
				C2731E0B1F85253200546FF8 /* main.m */,
			);
			path = "cipher-sender";
			sourceTree = "<group>";
		};
		C28EC7E51F864CF200FA6B00 /* model */ = {
			isa = PBXGroup;
			children = (
				C28EC7EB1F864DDA00FA6B00 /* AbstractCipher.h */,
				C28EC7EC1F864DDA00FA6B00 /* AbstractCipher.m */,
				C28EC7EA1F864DDA00FA6B00 /* KeyedCipher.h */,
				C28EC7EE1F864DDA00FA6B00 /* KeyedCipher.m */,
				C28EC7ED1F864DDA00FA6B00 /* KeylessCipher.h */,
				C28EC7E91F864DDA00FA6B00 /* KeylessCipher.m */,
				C28EC7E81F864DDA00FA6B00 /* Text.h */,
				C28EC7EF1F864DDA00FA6B00 /* Text.m */,
				C28EC7E71F864D1500FA6B00 /* util */,
				C28EC7E61F864D0A00FA6B00 /* ciphers */,
			);
			path = model;
			sourceTree = "<group>";
		};
		C28EC7E61F864D0A00FA6B00 /* ciphers */ = {
			isa = PBXGroup;
			children = (
				C28EC7FA1F864DF100FA6B00 /* A1Z26.h */,
				C28EC7FD1F864DF200FA6B00 /* A1Z26.m */,
				C28EC7F71F864DF100FA6B00 /* Atbash.h */,
				C28EC8091F864DF300FA6B00 /* Atbash.m */,
				C28EC8031F864DF200FA6B00 /* CaesarCipher.h */,
				C28EC8061F864DF200FA6B00 /* CaesarCipher.m */,
				C28EC7FF1F864DF200FA6B00 /* CipherFactory.h */,
				C28EC8071F864DF300FA6B00 /* CipherFactory.m */,
				C28EC8011F864DF200FA6B00 /* KeyboardCode.h */,
				C28EC7F91F864DF100FA6B00 /* KeyboardCode.m */,
				C28EC8081F864DF300FA6B00 /* Monoalphabetic.h */,
				C28EC7FE1F864DF200FA6B00 /* Monoalphabetic.m */,
				C28EC8041F864DF200FA6B00 /* MorseCode.h */,
				C28EC8051F864DF200FA6B00 /* MorseCode.m */,
				C28EC7FC1F864DF200FA6B00 /* RailFence.h */,
				C28EC7F81F864DF100FA6B00 /* RailFence.m */,
				C28EC80A1F864DF300FA6B00 /* Rot13.h */,
				C28EC8001F864DF200FA6B00 /* Rot13.m */,
				C28EC8021F864DF200FA6B00 /* Vigenere.h */,
				C28EC7FB1F864DF100FA6B00 /* Vigenere.m */,
			);
			path = ciphers;
			sourceTree = "<group>";
		};
		C28EC7E71F864D1500FA6B00 /* util */ = {
			isa = PBXGroup;
			children = (
				C28EC7F41F864DE600FA6B00 /* Alphabet.h */,
				C28EC7F51F864DE600FA6B00 /* Alphabet.m */,
			);
			path = util;
			sourceTree = "<group>";
		};
		C2E47A9D1F911B2E0009BFCB /* cipher-sender-unit-tests */ = {
			isa = PBXGroup;
			children = (
				C2E47A9E1F911B2E0009BFCB /* cipher_sender_unit_tests.m */,
				C2E47AA01F911B2E0009BFCB /* Info.plist */,
			);
			path = "cipher-sender-unit-tests";
			sourceTree = "<group>";
		};
/* End PBXGroup section */

/* Begin PBXNativeTarget section */
		C2731DF81F85253200546FF8 /* cipher-sender */ = {
			isa = PBXNativeTarget;
			buildConfigurationList = C2731E0F1F85253200546FF8 /* Build configuration list for PBXNativeTarget "cipher-sender" */;
			buildPhases = (
				BE34CBB8C0C5D2EC838DBFB4 /* [CP] Check Pods Manifest.lock */,
				C2731DF51F85253200546FF8 /* Sources */,
				C2731DF61F85253200546FF8 /* Frameworks */,
				C2731DF71F85253200546FF8 /* Resources */,
			);
			buildRules = (
			);
			dependencies = (
			);
			name = "cipher-sender";
			productName = "cipher-sender";
			productReference = C2731DF91F85253200546FF8 /* cipher-sender.app */;
			productType = "com.apple.product-type.application";
		};
		C2E47A9B1F911B2E0009BFCB /* cipher-sender-unit-tests */ = {
			isa = PBXNativeTarget;
			buildConfigurationList = C2E47AA31F911B2E0009BFCB /* Build configuration list for PBXNativeTarget "cipher-sender-unit-tests" */;
			buildPhases = (
				C2E47A981F911B2E0009BFCB /* Sources */,
				C2E47A991F911B2E0009BFCB /* Frameworks */,
				C2E47A9A1F911B2E0009BFCB /* Resources */,
			);
			buildRules = (
			);
			dependencies = (
				C2E47AA21F911B2E0009BFCB /* PBXTargetDependency */,
			);
			name = "cipher-sender-unit-tests";
			productName = "cipher-sender-unit-tests";
			productReference = C2E47A9C1F911B2E0009BFCB /* cipher-sender-unit-tests.xctest */;
			productType = "com.apple.product-type.bundle.unit-test";
		};
/* End PBXNativeTarget section */

/* Begin PBXProject section */
		C2731DF11F85253200546FF8 /* Project object */ = {
			isa = PBXProject;
			attributes = {
				LastUpgradeCheck = 1230;
				ORGANIZATIONNAME = "High5! Apps";
				TargetAttributes = {
					C2731DF81F85253200546FF8 = {
						CreatedOnToolsVersion = 9.0;
						ProvisioningStyle = Automatic;
					};
					C2E47A9B1F911B2E0009BFCB = {
						CreatedOnToolsVersion = 9.0;
						ProvisioningStyle = Automatic;
						TestTargetID = C2731DF81F85253200546FF8;
					};
				};
			};
			buildConfigurationList = C2731DF41F85253200546FF8 /* Build configuration list for PBXProject "cipher-sender" */;
			compatibilityVersion = "Xcode 8.0";
			developmentRegion = en;
			hasScannedForEncodings = 0;
			knownRegions = (
				en,
				Base,
			);
			mainGroup = C2731DF01F85253200546FF8;
			productRefGroup = C2731DFA1F85253200546FF8 /* Products */;
			projectDirPath = "";
			projectRoot = "";
			targets = (
				C2731DF81F85253200546FF8 /* cipher-sender */,
				C2E47A9B1F911B2E0009BFCB /* cipher-sender-unit-tests */,
			);
		};
/* End PBXProject section */

/* Begin PBXResourcesBuildPhase section */
		C2731DF71F85253200546FF8 /* Resources */ = {
			isa = PBXResourcesBuildPhase;
			buildActionMask = 2147483647;
			files = (
				C2731E091F85253200546FF8 /* LaunchScreen.storyboard in Resources */,
				C2731E061F85253200546FF8 /* Assets.xcassets in Resources */,
				C2731E041F85253200546FF8 /* Main.storyboard in Resources */,
			);
			runOnlyForDeploymentPostprocessing = 0;
		};
		C2E47A9A1F911B2E0009BFCB /* Resources */ = {
			isa = PBXResourcesBuildPhase;
			buildActionMask = 2147483647;
			files = (
			);
			runOnlyForDeploymentPostprocessing = 0;
		};
/* End PBXResourcesBuildPhase section */

/* Begin PBXShellScriptBuildPhase section */
		BE34CBB8C0C5D2EC838DBFB4 /* [CP] Check Pods Manifest.lock */ = {
			isa = PBXShellScriptBuildPhase;
			buildActionMask = 2147483647;
			files = (
			);
			inputPaths = (
				"${PODS_PODFILE_DIR_PATH}/Podfile.lock",
				"${PODS_ROOT}/Manifest.lock",
			);
			name = "[CP] Check Pods Manifest.lock";
			outputPaths = (
				"$(DERIVED_FILE_DIR)/Pods-cipher-sender-checkManifestLockResult.txt",
			);
			runOnlyForDeploymentPostprocessing = 0;
			shellPath = /bin/sh;
			shellScript = "diff \"${PODS_PODFILE_DIR_PATH}/Podfile.lock\" \"${PODS_ROOT}/Manifest.lock\" > /dev/null\nif [ $? != 0 ] ; then\n    # print error to STDERR\n    echo \"error: The sandbox is not in sync with the Podfile.lock. Run 'pod install' or update your CocoaPods installation.\" >&2\n    exit 1\nfi\n# This output is used by Xcode 'outputs' to avoid re-running this script phase.\necho \"SUCCESS\" > \"${SCRIPT_OUTPUT_FILE_0}\"\n";
			showEnvVarsInLog = 0;
		};
/* End PBXShellScriptBuildPhase section */

/* Begin PBXSourcesBuildPhase section */
		C2731DF51F85253200546FF8 /* Sources */ = {
			isa = PBXSourcesBuildPhase;
			buildActionMask = 2147483647;
			files = (
				C28EC7F31F864DDA00FA6B00 /* Text.m in Sources */,
				C28EC8141F864DF300FA6B00 /* Atbash.m in Sources */,
				C28EC80F1F864DF300FA6B00 /* Monoalphabetic.m in Sources */,
				C2091D2B1F8530C500ADC34B /* CustomButton.m in Sources */,
				C28EC8171F8655EE00FA6B00 /* CipherPickerTVC.m in Sources */,
				C28EC8111F864DF300FA6B00 /* MorseCode.m in Sources */,
				C28EC8101F864DF300FA6B00 /* Rot13.m in Sources */,
				C28EC7F01F864DDA00FA6B00 /* KeylessCipher.m in Sources */,
				C28EC7F11F864DDA00FA6B00 /* AbstractCipher.m in Sources */,
				C28EC7F61F864DE600FA6B00 /* Alphabet.m in Sources */,
				C2971F781F88F83F00C5B264 /* FlipsideViewController.m in Sources */,
				C2091D2A1F8530C500ADC34B /* CusomTextView.m in Sources */,
				C28EC80E1F864DF300FA6B00 /* A1Z26.m in Sources */,
				C28EC80C1F864DF300FA6B00 /* KeyboardCode.m in Sources */,
				C2971F771F88F83F00C5B264 /* AboutCiphersTableViewController.m in Sources */,
				C2731E011F85253200546FF8 /* MainViewController.m in Sources */,
				C2731E0C1F85253200546FF8 /* main.m in Sources */,
				C28EC80D1F864DF300FA6B00 /* Vigenere.m in Sources */,
				C2731DFE1F85253200546FF8 /* AppDelegate.m in Sources */,
				C28EC7F21F864DDA00FA6B00 /* KeyedCipher.m in Sources */,
				C28EC8131F864DF300FA6B00 /* CipherFactory.m in Sources */,
				C28EC80B1F864DF300FA6B00 /* RailFence.m in Sources */,
				C28EC8121F864DF300FA6B00 /* CaesarCipher.m in Sources */,
			);
			runOnlyForDeploymentPostprocessing = 0;
		};
		C2E47A981F911B2E0009BFCB /* Sources */ = {
			isa = PBXSourcesBuildPhase;
			buildActionMask = 2147483647;
			files = (
				C2E47A9F1F911B2E0009BFCB /* cipher_sender_unit_tests.m in Sources */,
			);
			runOnlyForDeploymentPostprocessing = 0;
		};
/* End PBXSourcesBuildPhase section */

/* Begin PBXTargetDependency section */
		C2E47AA21F911B2E0009BFCB /* PBXTargetDependency */ = {
			isa = PBXTargetDependency;
			target = C2731DF81F85253200546FF8 /* cipher-sender */;
			targetProxy = C2E47AA11F911B2E0009BFCB /* PBXContainerItemProxy */;
		};
/* End PBXTargetDependency section */

/* Begin PBXVariantGroup section */
		C2731E021F85253200546FF8 /* Main.storyboard */ = {
			isa = PBXVariantGroup;
			children = (
				C2731E031F85253200546FF8 /* Base */,
			);
			name = Main.storyboard;
			sourceTree = "<group>";
		};
		C2731E071F85253200546FF8 /* LaunchScreen.storyboard */ = {
			isa = PBXVariantGroup;
			children = (
				C2731E081F85253200546FF8 /* Base */,
			);
			name = LaunchScreen.storyboard;
			sourceTree = "<group>";
		};
/* End PBXVariantGroup section */

/* Begin XCBuildConfiguration section */
		C2731E0D1F85253200546FF8 /* Debug */ = {
			isa = XCBuildConfiguration;
			buildSettings = {
				ALWAYS_SEARCH_USER_PATHS = NO;
				CLANG_ANALYZER_NONNULL = YES;
				CLANG_ANALYZER_NUMBER_OBJECT_CONVERSION = YES_AGGRESSIVE;
				CLANG_CXX_LANGUAGE_STANDARD = "gnu++14";
				CLANG_CXX_LIBRARY = "libc++";
				CLANG_ENABLE_MODULES = YES;
				CLANG_ENABLE_OBJC_ARC = YES;
				CLANG_WARN_BLOCK_CAPTURE_AUTORELEASING = YES;
				CLANG_WARN_BOOL_CONVERSION = YES;
				CLANG_WARN_COMMA = YES;
				CLANG_WARN_CONSTANT_CONVERSION = YES;
				CLANG_WARN_DEPRECATED_OBJC_IMPLEMENTATIONS = YES;
				CLANG_WARN_DIRECT_OBJC_ISA_USAGE = YES_ERROR;
				CLANG_WARN_DOCUMENTATION_COMMENTS = YES;
				CLANG_WARN_EMPTY_BODY = YES;
				CLANG_WARN_ENUM_CONVERSION = YES;
				CLANG_WARN_INFINITE_RECURSION = YES;
				CLANG_WARN_INT_CONVERSION = YES;
				CLANG_WARN_NON_LITERAL_NULL_CONVERSION = YES;
				CLANG_WARN_OBJC_IMPLICIT_RETAIN_SELF = YES;
				CLANG_WARN_OBJC_LITERAL_CONVERSION = YES;
				CLANG_WARN_OBJC_ROOT_CLASS = YES_ERROR;
				CLANG_WARN_QUOTED_INCLUDE_IN_FRAMEWORK_HEADER = YES;
				CLANG_WARN_RANGE_LOOP_ANALYSIS = YES;
				CLANG_WARN_STRICT_PROTOTYPES = YES;
				CLANG_WARN_SUSPICIOUS_MOVE = YES;
				CLANG_WARN_UNGUARDED_AVAILABILITY = YES_AGGRESSIVE;
				CLANG_WARN_UNREACHABLE_CODE = YES;
				CLANG_WARN__DUPLICATE_METHOD_MATCH = YES;
				CODE_SIGN_IDENTITY = "iPhone Developer";
				COPY_PHASE_STRIP = NO;
				DEBUG_INFORMATION_FORMAT = dwarf;
				ENABLE_STRICT_OBJC_MSGSEND = YES;
				ENABLE_TESTABILITY = YES;
				GCC_C_LANGUAGE_STANDARD = gnu11;
				GCC_DYNAMIC_NO_PIC = NO;
				GCC_NO_COMMON_BLOCKS = YES;
				GCC_OPTIMIZATION_LEVEL = 0;
				GCC_PREPROCESSOR_DEFINITIONS = (
					"DEBUG=1",
					"$(inherited)",
				);
				GCC_WARN_64_TO_32_BIT_CONVERSION = YES;
				GCC_WARN_ABOUT_RETURN_TYPE = YES_ERROR;
				GCC_WARN_UNDECLARED_SELECTOR = YES;
				GCC_WARN_UNINITIALIZED_AUTOS = YES_AGGRESSIVE;
				GCC_WARN_UNUSED_FUNCTION = YES;
				GCC_WARN_UNUSED_VARIABLE = YES;
				IPHONEOS_DEPLOYMENT_TARGET = 13.0;
				MTL_ENABLE_DEBUG_INFO = YES;
				ONLY_ACTIVE_ARCH = YES;
				SDKROOT = iphoneos;
			};
			name = Debug;
		};
		C2731E0E1F85253200546FF8 /* Release */ = {
			isa = XCBuildConfiguration;
			buildSettings = {
				ALWAYS_SEARCH_USER_PATHS = NO;
				CLANG_ANALYZER_NONNULL = YES;
				CLANG_ANALYZER_NUMBER_OBJECT_CONVERSION = YES_AGGRESSIVE;
				CLANG_CXX_LANGUAGE_STANDARD = "gnu++14";
				CLANG_CXX_LIBRARY = "libc++";
				CLANG_ENABLE_MODULES = YES;
				CLANG_ENABLE_OBJC_ARC = YES;
				CLANG_WARN_BLOCK_CAPTURE_AUTORELEASING = YES;
				CLANG_WARN_BOOL_CONVERSION = YES;
				CLANG_WARN_COMMA = YES;
				CLANG_WARN_CONSTANT_CONVERSION = YES;
				CLANG_WARN_DEPRECATED_OBJC_IMPLEMENTATIONS = YES;
				CLANG_WARN_DIRECT_OBJC_ISA_USAGE = YES_ERROR;
				CLANG_WARN_DOCUMENTATION_COMMENTS = YES;
				CLANG_WARN_EMPTY_BODY = YES;
				CLANG_WARN_ENUM_CONVERSION = YES;
				CLANG_WARN_INFINITE_RECURSION = YES;
				CLANG_WARN_INT_CONVERSION = YES;
				CLANG_WARN_NON_LITERAL_NULL_CONVERSION = YES;
				CLANG_WARN_OBJC_IMPLICIT_RETAIN_SELF = YES;
				CLANG_WARN_OBJC_LITERAL_CONVERSION = YES;
				CLANG_WARN_OBJC_ROOT_CLASS = YES_ERROR;
				CLANG_WARN_QUOTED_INCLUDE_IN_FRAMEWORK_HEADER = YES;
				CLANG_WARN_RANGE_LOOP_ANALYSIS = YES;
				CLANG_WARN_STRICT_PROTOTYPES = YES;
				CLANG_WARN_SUSPICIOUS_MOVE = YES;
				CLANG_WARN_UNGUARDED_AVAILABILITY = YES_AGGRESSIVE;
				CLANG_WARN_UNREACHABLE_CODE = YES;
				CLANG_WARN__DUPLICATE_METHOD_MATCH = YES;
				CODE_SIGN_IDENTITY = "iPhone Developer";
				COPY_PHASE_STRIP = NO;
				DEBUG_INFORMATION_FORMAT = "dwarf-with-dsym";
				ENABLE_NS_ASSERTIONS = NO;
				ENABLE_STRICT_OBJC_MSGSEND = YES;
				GCC_C_LANGUAGE_STANDARD = gnu11;
				GCC_NO_COMMON_BLOCKS = YES;
				GCC_WARN_64_TO_32_BIT_CONVERSION = YES;
				GCC_WARN_ABOUT_RETURN_TYPE = YES_ERROR;
				GCC_WARN_UNDECLARED_SELECTOR = YES;
				GCC_WARN_UNINITIALIZED_AUTOS = YES_AGGRESSIVE;
				GCC_WARN_UNUSED_FUNCTION = YES;
				GCC_WARN_UNUSED_VARIABLE = YES;
				IPHONEOS_DEPLOYMENT_TARGET = 13.0;
				MTL_ENABLE_DEBUG_INFO = NO;
				SDKROOT = iphoneos;
				VALIDATE_PRODUCT = YES;
			};
			name = Release;
		};
		C2731E101F85253200546FF8 /* Debug */ = {
			isa = XCBuildConfiguration;
			baseConfigurationReference = E096421FC7DF5854FAB34268 /* Pods-cipher-sender.debug.xcconfig */;
			buildSettings = {
				ASSETCATALOG_COMPILER_APPICON_NAME = AppIcon;
				CODE_SIGN_IDENTITY = "iPhone Developer";
				CODE_SIGN_STYLE = Automatic;
				CURRENT_PROJECT_VERSION = 9;
				DEVELOPMENT_TEAM = 6D9WEB32TK;
				INFOPLIST_FILE = "cipher-sender/Info.plist";
				IPHONEOS_DEPLOYMENT_TARGET = 13.0;
				LD_RUNPATH_SEARCH_PATHS = "$(inherited) @executable_path/Frameworks";
				MARKETING_VERSION = 3.1.0;
				PRODUCT_BUNDLE_IDENTIFIER = "com.high5.Cipher-Sender";
				PRODUCT_NAME = "$(TARGET_NAME)";
				PROVISIONING_PROFILE_SPECIFIER = "";
				TARGETED_DEVICE_FAMILY = "1,2";
			};
			name = Debug;
		};
		C2731E111F85253200546FF8 /* Release */ = {
			isa = XCBuildConfiguration;
			baseConfigurationReference = 965B784AB0EA94BF9C8D7AFD /* Pods-cipher-sender.release.xcconfig */;
			buildSettings = {
				ASSETCATALOG_COMPILER_APPICON_NAME = AppIcon;
				CODE_SIGN_IDENTITY = "iPhone Developer";
				CODE_SIGN_STYLE = Automatic;
				CURRENT_PROJECT_VERSION = 9;
				DEVELOPMENT_TEAM = 6D9WEB32TK;
				INFOPLIST_FILE = "cipher-sender/Info.plist";
				IPHONEOS_DEPLOYMENT_TARGET = 13.0;
				LD_RUNPATH_SEARCH_PATHS = "$(inherited) @executable_path/Frameworks";
				MARKETING_VERSION = 3.1.0;
				PRODUCT_BUNDLE_IDENTIFIER = "com.high5.Cipher-Sender";
				PRODUCT_NAME = "$(TARGET_NAME)";
				PROVISIONING_PROFILE_SPECIFIER = "";
				TARGETED_DEVICE_FAMILY = "1,2";
			};
			name = Release;
		};
		C2E47AA41F911B2E0009BFCB /* Debug */ = {
			isa = XCBuildConfiguration;
			buildSettings = {
				BUNDLE_LOADER = "$(TEST_HOST)";
				CODE_SIGN_STYLE = Automatic;
				DEVELOPMENT_TEAM = 6D9WEB32TK;
				INFOPLIST_FILE = "cipher-sender-unit-tests/Info.plist";
				LD_RUNPATH_SEARCH_PATHS = "$(inherited) @executable_path/Frameworks @loader_path/Frameworks";
				PRODUCT_BUNDLE_IDENTIFIER = "com.high5.cipher-sender-unit-tests";
				PRODUCT_NAME = "$(TARGET_NAME)";
				TARGETED_DEVICE_FAMILY = "1,2";
				TEST_HOST = "$(BUILT_PRODUCTS_DIR)/cipher-sender.app/cipher-sender";
			};
			name = Debug;
		};
		C2E47AA51F911B2E0009BFCB /* Release */ = {
			isa = XCBuildConfiguration;
			buildSettings = {
				BUNDLE_LOADER = "$(TEST_HOST)";
				CODE_SIGN_STYLE = Automatic;
				DEVELOPMENT_TEAM = 6D9WEB32TK;
				INFOPLIST_FILE = "cipher-sender-unit-tests/Info.plist";
				LD_RUNPATH_SEARCH_PATHS = "$(inherited) @executable_path/Frameworks @loader_path/Frameworks";
				PRODUCT_BUNDLE_IDENTIFIER = "com.high5.cipher-sender-unit-tests";
				PRODUCT_NAME = "$(TARGET_NAME)";
				TARGETED_DEVICE_FAMILY = "1,2";
				TEST_HOST = "$(BUILT_PRODUCTS_DIR)/cipher-sender.app/cipher-sender";
			};
			name = Release;
		};
/* End XCBuildConfiguration section */

/* Begin XCConfigurationList section */
		C2731DF41F85253200546FF8 /* Build configuration list for PBXProject "cipher-sender" */ = {
			isa = XCConfigurationList;
			buildConfigurations = (
				C2731E0D1F85253200546FF8 /* Debug */,
				C2731E0E1F85253200546FF8 /* Release */,
			);
			defaultConfigurationIsVisible = 0;
			defaultConfigurationName = Release;
		};
		C2731E0F1F85253200546FF8 /* Build configuration list for PBXNativeTarget "cipher-sender" */ = {
			isa = XCConfigurationList;
			buildConfigurations = (
				C2731E101F85253200546FF8 /* Debug */,
				C2731E111F85253200546FF8 /* Release */,
			);
			defaultConfigurationIsVisible = 0;
			defaultConfigurationName = Release;
		};
		C2E47AA31F911B2E0009BFCB /* Build configuration list for PBXNativeTarget "cipher-sender-unit-tests" */ = {
			isa = XCConfigurationList;
			buildConfigurations = (
				C2E47AA41F911B2E0009BFCB /* Debug */,
				C2E47AA51F911B2E0009BFCB /* Release */,
			);
			defaultConfigurationIsVisible = 0;
			defaultConfigurationName = Release;
		};
/* End XCConfigurationList section */
	};
	rootObject = C2731DF11F85253200546FF8 /* Project object */;
}
